{
  "name": "ahp-conformance-runner",
  "version": "0.0.0",
  "lockfileVersion": 3,
  "requires": true,
  "packages": {
    "": {
      "name": "ahp-conformance-runner",
      "version": "0.0.0",
      "dependencies": {
        "@microsoft/agent-host-protocol": "file:../../clients/typescript",
        "ws": "^8.20.0"
      }
    },
    "../../clients/typescript": {
      "name": "@microsoft/agent-host-protocol",
      "version": "0.2.0",
      "license": "MIT",
      "devDependencies": {
        "@types/node": "^22.10.0",
        "tsx": "^4.19.0",
        "typescript": "^5.7.0"
      }
    },
    "node_modules/@microsoft/agent-host-protocol": {
      "resolved": "../../clients/typescript",
      "link": true
    },
    "node_modules/ws": {
      "version": "8.21.0",
      "resolved": "https://registry.npmjs.org/ws/-/ws-8.21.0.tgz",
      "integrity": "sha512-Vsp28b7DRcimFQvrqu2Wek3z1iYxDCWqHYB8Qsnk/S4RfaCQzPGPyBNuVjJV3cd6UiKtUtp6sNM77gWvzcCH+g==",
      "license": "MIT",
      "engines": {
        "node": ">=10.0.0"
      },
      "peerDependencies": {
        "bufferutil": "^4.0.1",
        "utf-8-validate": ">=5.0.2"
      },
      "peerDependenciesMeta": {
        "bufferutil": {
          "optional": true
        },
        "utf-8-validate": {
          "optional": true
        }
      }
    }
  }
}
