
Microsoft Visual Studio Solution File, Format Version 12.00
# Visual Studio Version 17
VisualStudioVersion = 17.0.31903.59
MinimumVisualStudioVersion = 10.0.40219.1
Project("{2150E333-8FDC-42A3-9474-1A3956D46DE8}") = "src", "src", "{827E0CD3-B72D-47B6-A68D-7590B98EB39B}"
EndProject
Project("{FAE04EC0-301F-11D3-BF4B-00C04F79EFBC}") = "AgentHostProtocol.Abstractions", "src\AgentHostProtocol.Abstractions\AgentHostProtocol.Abstractions.csproj", "{866ED7F7-05C4-4003-8851-8B34CCE8B250}"
EndProject
Project("{FAE04EC0-301F-11D3-BF4B-00C04F79EFBC}") = "AgentHostProtocol", "src\AgentHostProtocol\AgentHostProtocol.csproj", "{2B03C249-4228-4BEA-A233-8E3D05D9F452}"
EndProject
Project("{FAE04EC0-301F-11D3-BF4B-00C04F79EFBC}") = "AgentHostProtocol.WebSockets", "src\AgentHostProtocol.WebSockets\AgentHostProtocol.WebSockets.csproj", "{3399AD64-ECCE-416D-8917-32F35C36905F}"
EndProject
Project("{2150E333-8FDC-42A3-9474-1A3956D46DE8}") = "tests", "tests", "{0AB3BF05-4346-4AA6-1389-037BE0695223}"
EndProject
Project("{FAE04EC0-301F-11D3-BF4B-00C04F79EFBC}") = "AgentHostProtocol.Tests", "tests\AgentHostProtocol.Tests\AgentHostProtocol.Tests.csproj", "{5FDFDFDF-F7B4-4C8C-9728-FEADB8ED3A63}"
EndProject
Project("{2150E333-8FDC-42A3-9474-1A3956D46DE8}") = "examples", "examples", "{B36A84DF-456D-A817-6EDD-3EC3E7F6E11F}"
EndProject
Project("{FAE04EC0-301F-11D3-BF4B-00C04F79EFBC}") = "ConnectWs", "examples\ConnectWs\ConnectWs.csproj", "{8A345CBD-8E69-45A5-8EE7-7A9E0A95DF16}"
EndProject
Project("{FAE04EC0-301F-11D3-BF4B-00C04F79EFBC}") = "ReducersDemo", "examples\ReducersDemo\ReducersDemo.csproj", "{B0A6BB53-A78D-47E6-9D60-6D935F6D6462}"
EndProject
Global
	GlobalSection(SolutionConfigurationPlatforms) = preSolution
		Debug|Any CPU = Debug|Any CPU
		Debug|x64 = Debug|x64
		Debug|x86 = Debug|x86
		Release|Any CPU = Release|Any CPU
		Release|x64 = Release|x64
		Release|x86 = Release|x86
	EndGlobalSection
	GlobalSection(ProjectConfigurationPlatforms) = postSolution
		{866ED7F7-05C4-4003-8851-8B34CCE8B250}.Debug|Any CPU.ActiveCfg = Debug|Any CPU
		{866ED7F7-05C4-4003-8851-8B34CCE8B250}.Debug|Any CPU.Build.0 = Debug|Any CPU
		{866ED7F7-05C4-4003-8851-8B34CCE8B250}.Debug|x64.ActiveCfg = Debug|Any CPU
		{866ED7F7-05C4-4003-8851-8B34CCE8B250}.Debug|x64.Build.0 = Debug|Any CPU
		{866ED7F7-05C4-4003-8851-8B34CCE8B250}.Debug|x86.ActiveCfg = Debug|Any CPU
		{866ED7F7-05C4-4003-8851-8B34CCE8B250}.Debug|x86.Build.0 = Debug|Any CPU
		{866ED7F7-05C4-4003-8851-8B34CCE8B250}.Release|Any CPU.ActiveCfg = Release|Any CPU
		{866ED7F7-05C4-4003-8851-8B34CCE8B250}.Release|Any CPU.Build.0 = Release|Any CPU
		{866ED7F7-05C4-4003-8851-8B34CCE8B250}.Release|x64.ActiveCfg = Release|Any CPU
		{866ED7F7-05C4-4003-8851-8B34CCE8B250}.Release|x64.Build.0 = Release|Any CPU
		{866ED7F7-05C4-4003-8851-8B34CCE8B250}.Release|x86.ActiveCfg = Release|Any CPU
		{866ED7F7-05C4-4003-8851-8B34CCE8B250}.Release|x86.Build.0 = Release|Any CPU
		{2B03C249-4228-4BEA-A233-8E3D05D9F452}.Debug|Any CPU.ActiveCfg = Debug|Any CPU
		{2B03C249-4228-4BEA-A233-8E3D05D9F452}.Debug|Any CPU.Build.0 = Debug|Any CPU
		{2B03C249-4228-4BEA-A233-8E3D05D9F452}.Debug|x64.ActiveCfg = Debug|Any CPU
		{2B03C249-4228-4BEA-A233-8E3D05D9F452}.Debug|x64.Build.0 = Debug|Any CPU
		{2B03C249-4228-4BEA-A233-8E3D05D9F452}.Debug|x86.ActiveCfg = Debug|Any CPU
		{2B03C249-4228-4BEA-A233-8E3D05D9F452}.Debug|x86.Build.0 = Debug|Any CPU
		{2B03C249-4228-4BEA-A233-8E3D05D9F452}.Release|Any CPU.ActiveCfg = Release|Any CPU
		{2B03C249-4228-4BEA-A233-8E3D05D9F452}.Release|Any CPU.Build.0 = Release|Any CPU
		{2B03C249-4228-4BEA-A233-8E3D05D9F452}.Release|x64.ActiveCfg = Release|Any CPU
		{2B03C249-4228-4BEA-A233-8E3D05D9F452}.Release|x64.Build.0 = Release|Any CPU
		{2B03C249-4228-4BEA-A233-8E3D05D9F452}.Release|x86.ActiveCfg = Release|Any CPU
		{2B03C249-4228-4BEA-A233-8E3D05D9F452}.Release|x86.Build.0 = Release|Any CPU
		{3399AD64-ECCE-416D-8917-32F35C36905F}.Debug|Any CPU.ActiveCfg = Debug|Any CPU
		{3399AD64-ECCE-416D-8917-32F35C36905F}.Debug|Any CPU.Build.0 = Debug|Any CPU
		{3399AD64-ECCE-416D-8917-32F35C36905F}.Debug|x64.ActiveCfg = Debug|Any CPU
		{3399AD64-ECCE-416D-8917-32F35C36905F}.Debug|x64.Build.0 = Debug|Any CPU
		{3399AD64-ECCE-416D-8917-32F35C36905F}.Debug|x86.ActiveCfg = Debug|Any CPU
		{3399AD64-ECCE-416D-8917-32F35C36905F}.Debug|x86.Build.0 = Debug|Any CPU
		{3399AD64-ECCE-416D-8917-32F35C36905F}.Release|Any CPU.ActiveCfg = Release|Any CPU
		{3399AD64-ECCE-416D-8917-32F35C36905F}.Release|Any CPU.Build.0 = Release|Any CPU
		{3399AD64-ECCE-416D-8917-32F35C36905F}.Release|x64.ActiveCfg = Release|Any CPU
		{3399AD64-ECCE-416D-8917-32F35C36905F}.Release|x64.Build.0 = Release|Any CPU
		{3399AD64-ECCE-416D-8917-32F35C36905F}.Release|x86.ActiveCfg = Release|Any CPU
		{3399AD64-ECCE-416D-8917-32F35C36905F}.Release|x86.Build.0 = Release|Any CPU
		{5FDFDFDF-F7B4-4C8C-9728-FEADB8ED3A63}.Debug|Any CPU.ActiveCfg = Debug|Any CPU
		{5FDFDFDF-F7B4-4C8C-9728-FEADB8ED3A63}.Debug|Any CPU.Build.0 = Debug|Any CPU
		{5FDFDFDF-F7B4-4C8C-9728-FEADB8ED3A63}.Debug|x64.ActiveCfg = Debug|Any CPU
		{5FDFDFDF-F7B4-4C8C-9728-FEADB8ED3A63}.Debug|x64.Build.0 = Debug|Any CPU
		{5FDFDFDF-F7B4-4C8C-9728-FEADB8ED3A63}.Debug|x86.ActiveCfg = Debug|Any CPU
		{5FDFDFDF-F7B4-4C8C-9728-FEADB8ED3A63}.Debug|x86.Build.0 = Debug|Any CPU
		{5FDFDFDF-F7B4-4C8C-9728-FEADB8ED3A63}.Release|Any CPU.ActiveCfg = Release|Any CPU
		{5FDFDFDF-F7B4-4C8C-9728-FEADB8ED3A63}.Release|Any CPU.Build.0 = Release|Any CPU
		{5FDFDFDF-F7B4-4C8C-9728-FEADB8ED3A63}.Release|x64.ActiveCfg = Release|Any CPU
		{5FDFDFDF-F7B4-4C8C-9728-FEADB8ED3A63}.Release|x64.Build.0 = Release|Any CPU
		{5FDFDFDF-F7B4-4C8C-9728-FEADB8ED3A63}.Release|x86.ActiveCfg = Release|Any CPU
		{5FDFDFDF-F7B4-4C8C-9728-FEADB8ED3A63}.Release|x86.Build.0 = Release|Any CPU
		{8A345CBD-8E69-45A5-8EE7-7A9E0A95DF16}.Debug|Any CPU.ActiveCfg = Debug|Any CPU
		{8A345CBD-8E69-45A5-8EE7-7A9E0A95DF16}.Debug|Any CPU.Build.0 = Debug|Any CPU
		{8A345CBD-8E69-45A5-8EE7-7A9E0A95DF16}.Debug|x64.ActiveCfg = Debug|Any CPU
		{8A345CBD-8E69-45A5-8EE7-7A9E0A95DF16}.Debug|x64.Build.0 = Debug|Any CPU
		{8A345CBD-8E69-45A5-8EE7-7A9E0A95DF16}.Debug|x86.ActiveCfg = Debug|Any CPU
		{8A345CBD-8E69-45A5-8EE7-7A9E0A95DF16}.Debug|x86.Build.0 = Debug|Any CPU
		{8A345CBD-8E69-45A5-8EE7-7A9E0A95DF16}.Release|Any CPU.ActiveCfg = Release|Any CPU
		{8A345CBD-8E69-45A5-8EE7-7A9E0A95DF16}.Release|Any CPU.Build.0 = Release|Any CPU
		{8A345CBD-8E69-45A5-8EE7-7A9E0A95DF16}.Release|x64.ActiveCfg = Release|Any CPU
		{8A345CBD-8E69-45A5-8EE7-7A9E0A95DF16}.Release|x64.Build.0 = Release|Any CPU
		{8A345CBD-8E69-45A5-8EE7-7A9E0A95DF16}.Release|x86.ActiveCfg = Release|Any CPU
		{8A345CBD-8E69-45A5-8EE7-7A9E0A95DF16}.Release|x86.Build.0 = Release|Any CPU
		{B0A6BB53-A78D-47E6-9D60-6D935F6D6462}.Debug|Any CPU.ActiveCfg = Debug|Any CPU
		{B0A6BB53-A78D-47E6-9D60-6D935F6D6462}.Debug|Any CPU.Build.0 = Debug|Any CPU
		{B0A6BB53-A78D-47E6-9D60-6D935F6D6462}.Debug|x64.ActiveCfg = Debug|Any CPU
		{B0A6BB53-A78D-47E6-9D60-6D935F6D6462}.Debug|x64.Build.0 = Debug|Any CPU
		{B0A6BB53-A78D-47E6-9D60-6D935F6D6462}.Debug|x86.ActiveCfg = Debug|Any CPU
		{B0A6BB53-A78D-47E6-9D60-6D935F6D6462}.Debug|x86.Build.0 = Debug|Any CPU
		{B0A6BB53-A78D-47E6-9D60-6D935F6D6462}.Release|Any CPU.ActiveCfg = Release|Any CPU
		{B0A6BB53-A78D-47E6-9D60-6D935F6D6462}.Release|Any CPU.Build.0 = Release|Any CPU
		{B0A6BB53-A78D-47E6-9D60-6D935F6D6462}.Release|x64.ActiveCfg = Release|Any CPU
		{B0A6BB53-A78D-47E6-9D60-6D935F6D6462}.Release|x64.Build.0 = Release|Any CPU
		{B0A6BB53-A78D-47E6-9D60-6D935F6D6462}.Release|x86.ActiveCfg = Release|Any CPU
		{B0A6BB53-A78D-47E6-9D60-6D935F6D6462}.Release|x86.Build.0 = Release|Any CPU
	EndGlobalSection
	GlobalSection(SolutionProperties) = preSolution
		HideSolutionNode = FALSE
	EndGlobalSection
	GlobalSection(NestedProjects) = preSolution
		{866ED7F7-05C4-4003-8851-8B34CCE8B250} = {827E0CD3-B72D-47B6-A68D-7590B98EB39B}
		{2B03C249-4228-4BEA-A233-8E3D05D9F452} = {827E0CD3-B72D-47B6-A68D-7590B98EB39B}
		{3399AD64-ECCE-416D-8917-32F35C36905F} = {827E0CD3-B72D-47B6-A68D-7590B98EB39B}
		{5FDFDFDF-F7B4-4C8C-9728-FEADB8ED3A63} = {0AB3BF05-4346-4AA6-1389-037BE0695223}
		{8A345CBD-8E69-45A5-8EE7-7A9E0A95DF16} = {B36A84DF-456D-A817-6EDD-3EC3E7F6E11F}
		{B0A6BB53-A78D-47E6-9D60-6D935F6D6462} = {B36A84DF-456D-A817-6EDD-3EC3E7F6E11F}
	EndGlobalSection
EndGlobal
